
Microsoft Visual Studio Solution File, Format Version 12.00
# Visual Studio Version 17
VisualStudioVersion = 17.8.34511.84
MinimumVisualStudioVersion = 10.0.40219.1
Project("{9A19103F-16F7-4668-BE54-9A1E7A4F7556}") = "Domain", "Domain\Domain.csproj", "{6CFF8BDF-44CD-4041-ADC2-8465FB14EA74}"
EndProject
Project("{9A19103F-16F7-4668-BE54-9A1E7A4F7556}") = "Infrastructure", "Infrastructure\Infrastructure.csproj", "{0F984DE0-C309-4EC2-8274-17ECAAFABF3B}"
EndProject
Project("{9A19103F-16F7-4668-BE54-9A1E7A4F7556}") = "App", "Application\App.csproj", "{91192FDD-93EA-4BF1-B92F-CFE9A6E15955}"
EndProject
Project("{9A19103F-16F7-4668-BE54-9A1E7A4F7556}") = "Desktop", "Desktop\Desktop.csproj", "{0C363364-9DB4-4D82-A1A9-F27CF7DF1A8F}"
EndProject
Project("{FAE04EC0-301F-11D3-BF4B-00C04F79EFBC}") = "API", "API\API.csproj", "{451C3524-88FC-4892-B86F-377799686D0B}"
EndProject
Global
	GlobalSection(SolutionConfigurationPlatforms) = preSolution
		Debug|Any CPU = Debug|Any CPU
		Release|Any CPU = Release|Any CPU
	EndGlobalSection
	GlobalSection(ProjectConfigurationPlatforms) = postSolution
		{6CFF8BDF-44CD-4041-ADC2-8465FB14EA74}.Debug|Any CPU.ActiveCfg = Debug|Any CPU
		{6CFF8BDF-44CD-4041-ADC2-8465FB14EA74}.Debug|Any CPU.Build.0 = Debug|Any CPU
		{6CFF8BDF-44CD-4041-ADC2-8465FB14EA74}.Release|Any CPU.ActiveCfg = Release|Any CPU
		{6CFF8BDF-44CD-4041-ADC2-8465FB14EA74}.Release|Any CPU.Build.0 = Release|Any CPU
		{0F984DE0-C309-4EC2-8274-17ECAAFABF3B}.Debug|Any CPU.ActiveCfg = Debug|Any CPU
		{0F984DE0-C309-4EC2-8274-17ECAAFABF3B}.Debug|Any CPU.Build.0 = Debug|Any CPU
		{0F984DE0-C309-4EC2-8274-17ECAAFABF3B}.Release|Any CPU.ActiveCfg = Release|Any CPU
		{0F984DE0-C309-4EC2-8274-17ECAAFABF3B}.Release|Any CPU.Build.0 = Release|Any CPU
		{91192FDD-93EA-4BF1-B92F-CFE9A6E15955}.Debug|Any CPU.ActiveCfg = Debug|Any CPU
		{91192FDD-93EA-4BF1-B92F-CFE9A6E15955}.Debug|Any CPU.Build.0 = Debug|Any CPU
		{91192FDD-93EA-4BF1-B92F-CFE9A6E15955}.Release|Any CPU.ActiveCfg = Release|Any CPU
		{91192FDD-93EA-4BF1-B92F-CFE9A6E15955}.Release|Any CPU.Build.0 = Release|Any CPU
		{0C363364-9DB4-4D82-A1A9-F27CF7DF1A8F}.Debug|Any CPU.ActiveCfg = Debug|Any CPU
		{0C363364-9DB4-4D82-A1A9-F27CF7DF1A8F}.Debug|Any CPU.Build.0 = Debug|Any CPU
		{0C363364-9DB4-4D82-A1A9-F27CF7DF1A8F}.Debug|Any CPU.Deploy.0 = Debug|Any CPU
		{0C363364-9DB4-4D82-A1A9-F27CF7DF1A8F}.Release|Any CPU.ActiveCfg = Release|Any CPU
		{0C363364-9DB4-4D82-A1A9-F27CF7DF1A8F}.Release|Any CPU.Build.0 = Release|Any CPU
		{0C363364-9DB4-4D82-A1A9-F27CF7DF1A8F}.Release|Any CPU.Deploy.0 = Release|Any CPU
		{451C3524-88FC-4892-B86F-377799686D0B}.Debug|Any CPU.ActiveCfg = Debug|Any CPU
		{451C3524-88FC-4892-B86F-377799686D0B}.Debug|Any CPU.Build.0 = Debug|Any CPU
		{451C3524-88FC-4892-B86F-377799686D0B}.Release|Any CPU.ActiveCfg = Release|Any CPU
		{451C3524-88FC-4892-B86F-377799686D0B}.Release|Any CPU.Build.0 = Release|Any CPU
	EndGlobalSection
	GlobalSection(SolutionProperties) = preSolution
		HideSolutionNode = FALSE
	EndGlobalSection
	GlobalSection(ExtensibilityGlobals) = postSolution
		SolutionGuid = {790695E7-ED55-4BE5-B1B2-4F7D38AAB3A9}
	EndGlobalSection
EndGlobal
